
Microsoft Visual Studio Solution File, Format Version 12.00
# Visual Studio Version 17
VisualStudioVersion = 17.4.33205.214
MinimumVisualStudioVersion = 10.0.40219.1
Project("{FAE04EC0-301F-11D3-BF4B-00C04F79EFBC}") = "aaaaaaaaa", "aaaaaaaaa\aaaaaaaaa.csproj", "{CEDD1376-E03E-4EE0-AF1B-C8DA2D86E0BA}"
EndProject
Global
	GlobalSection(SolutionConfigurationPlatforms) = preSolution
		Debug|Any CPU = Debug|Any CPU
		Release|Any CPU = Release|Any CPU
	EndGlobalSection
	GlobalSection(ProjectConfigurationPlatforms) = postSolution
		{CEDD1376-E03E-4EE0-AF1B-C8DA2D86E0BA}.Debug|Any CPU.ActiveCfg = Debug|Any CPU
		{CEDD1376-E03E-4EE0-AF1B-C8DA2D86E0BA}.Debug|Any CPU.Build.0 = Debug|Any CPU
		{CEDD1376-E03E-4EE0-AF1B-C8DA2D86E0BA}.Release|Any CPU.ActiveCfg = Release|Any CPU
		{CEDD1376-E03E-4EE0-AF1B-C8DA2D86E0BA}.Release|Any CPU.Build.0 = Release|Any CPU
	EndGlobalSection
	GlobalSection(SolutionProperties) = preSolution
		HideSolutionNode = FALSE
	EndGlobalSection
	GlobalSection(ExtensibilityGlobals) = postSolution
		SolutionGuid = {C21AB8EA-BC76-411A-9F64-DB4BB8427030}
	EndGlobalSection
EndGlobal
